
Microsoft Visual Studio Solution File, Format Version 12.00
# Visual Studio Version 17
VisualStudioVersion = 17.13.35806.99 d17.13
MinimumVisualStudioVersion = 10.0.40219.1
Project("{FAE04EC0-301F-11D3-BF4B-00C04F79EFBC}") = "EventBookingAPI", "EventBookingAPI\EventBookingAPI.csproj", "{097057D7-421E-4825-B414-B6147F5F5C55}"
EndProject
Global
	GlobalSection(SolutionConfigurationPlatforms) = preSolution
		Debug|Any CPU = Debug|Any CPU
		Release|Any CPU = Release|Any CPU
	EndGlobalSection
	GlobalSection(ProjectConfigurationPlatforms) = postSolution
		{097057D7-421E-4825-B414-B6147F5F5C55}.Debug|Any CPU.ActiveCfg = Debug|Any CPU
		{097057D7-421E-4825-B414-B6147F5F5C55}.Debug|Any CPU.Build.0 = Debug|Any CPU
		{097057D7-421E-4825-B414-B6147F5F5C55}.Release|Any CPU.ActiveCfg = Release|Any CPU
		{097057D7-421E-4825-B414-B6147F5F5C55}.Release|Any CPU.Build.0 = Release|Any CPU
	EndGlobalSection
	GlobalSection(SolutionProperties) = preSolution
		HideSolutionNode = FALSE
	EndGlobalSection
	GlobalSection(ExtensibilityGlobals) = postSolution
		SolutionGuid = {20F6D909-4FDF-4878-B10B-937371FE0EE3}
	EndGlobalSection
EndGlobal
